
Microsoft Visual Studio Solution File, Format Version 12.00
# Visual Studio Version 16
VisualStudioVersion = 16.0.30225.117
MinimumVisualStudioVersion = 10.0.40219.1
Project("{FAE04EC0-301F-11D3-BF4B-00C04F79EFBC}") = "Sensors.Atmospheric.Bme680_Sample", "Sensors.Atmospheric.Bme680_Sample\Sensors.Atmospheric.Bme680_Sample.csproj", "{EAE1B2B1-DAD9-47F1-A2A4-FF199EF1ABF5}"
EndProject
Global
	GlobalSection(SolutionConfigurationPlatforms) = preSolution
		Debug|Any CPU = Debug|Any CPU
		Release|Any CPU = Release|Any CPU
	EndGlobalSection
	GlobalSection(ProjectConfigurationPlatforms) = postSolution
		{EAE1B2B1-DAD9-47F1-A2A4-FF199EF1ABF5}.Debug|Any CPU.ActiveCfg = Debug|Any CPU
		{EAE1B2B1-DAD9-47F1-A2A4-FF199EF1ABF5}.Debug|Any CPU.Build.0 = Debug|Any CPU
		{EAE1B2B1-DAD9-47F1-A2A4-FF199EF1ABF5}.Debug|Any CPU.Deploy.0 = Debug|Any CPU
		{EAE1B2B1-DAD9-47F1-A2A4-FF199EF1ABF5}.Release|Any CPU.ActiveCfg = Release|Any CPU
		{EAE1B2B1-DAD9-47F1-A2A4-FF199EF1ABF5}.Release|Any CPU.Build.0 = Release|Any CPU
		{EAE1B2B1-DAD9-47F1-A2A4-FF199EF1ABF5}.Release|Any CPU.Deploy.0 = Release|Any CPU
	EndGlobalSection
	GlobalSection(SolutionProperties) = preSolution
		HideSolutionNode = FALSE
	EndGlobalSection
	GlobalSection(ExtensibilityGlobals) = postSolution
		SolutionGuid = {DC140C74-9B89-45DE-988E-97225A90FEBE}
	EndGlobalSection
EndGlobal
