
Microsoft Visual Studio Solution File, Format Version 12.00
# Visual Studio Version 16
VisualStudioVersion = 16.0.30225.117
MinimumVisualStudioVersion = 10.0.40219.1
Project("{FAE04EC0-301F-11D3-BF4B-00C04F79EFBC}") = "Sensors.Light.Vcnl4010_Sample", "Sensors.Light.Vcnl4010_Sample\Sensors.Light.Vcnl4010_Sample.csproj", "{EA437310-5D7E-4752-B4FD-2B52F833E144}"
EndProject
Project("{9A19103F-16F7-4668-BE54-9A1E7A4F7556}") = "Sensors.Light.Vcnl4010", "..\..\Driver\Sensors.Light.Vcnl4010\Sensors.Light.Vcnl4010\Sensors.Light.Vcnl4010.csproj", "{177E5BAC-C51D-4B5A-9C8C-0F1214042D72}"
EndProject
Global
	GlobalSection(SolutionConfigurationPlatforms) = preSolution
		Debug|Any CPU = Debug|Any CPU
		Release|Any CPU = Release|Any CPU
	EndGlobalSection
	GlobalSection(ProjectConfigurationPlatforms) = postSolution
		{EA437310-5D7E-4752-B4FD-2B52F833E144}.Debug|Any CPU.ActiveCfg = Debug|Any CPU
		{EA437310-5D7E-4752-B4FD-2B52F833E144}.Debug|Any CPU.Build.0 = Debug|Any CPU
		{EA437310-5D7E-4752-B4FD-2B52F833E144}.Debug|Any CPU.Deploy.0 = Debug|Any CPU
		{EA437310-5D7E-4752-B4FD-2B52F833E144}.Release|Any CPU.ActiveCfg = Release|Any CPU
		{EA437310-5D7E-4752-B4FD-2B52F833E144}.Release|Any CPU.Build.0 = Release|Any CPU
		{EA437310-5D7E-4752-B4FD-2B52F833E144}.Release|Any CPU.Deploy.0 = Release|Any CPU
		{177E5BAC-C51D-4B5A-9C8C-0F1214042D72}.Debug|Any CPU.ActiveCfg = Debug|Any CPU
		{177E5BAC-C51D-4B5A-9C8C-0F1214042D72}.Debug|Any CPU.Build.0 = Debug|Any CPU
		{177E5BAC-C51D-4B5A-9C8C-0F1214042D72}.Debug|Any CPU.Deploy.0 = Debug|Any CPU
		{177E5BAC-C51D-4B5A-9C8C-0F1214042D72}.Release|Any CPU.ActiveCfg = Release|Any CPU
		{177E5BAC-C51D-4B5A-9C8C-0F1214042D72}.Release|Any CPU.Build.0 = Release|Any CPU
		{177E5BAC-C51D-4B5A-9C8C-0F1214042D72}.Release|Any CPU.Deploy.0 = Release|Any CPU
	EndGlobalSection
	GlobalSection(SolutionProperties) = preSolution
		HideSolutionNode = FALSE
	EndGlobalSection
	GlobalSection(ExtensibilityGlobals) = postSolution
		SolutionGuid = {48A3CFBC-35D2-4711-9E57-B9F7BAA96E90}
	EndGlobalSection
EndGlobal
